
Microsoft Visual Studio Solution File, Format Version 12.00
# Visual Studio 15
VisualStudioVersion = 15.0.28307.1500
MinimumVisualStudioVersion = 10.0.40219.1
Project("{FAE04EC0-301F-11D3-BF4B-00C04F79EFBC}") = "Ejercicios_Resueltos", "Ejercicios_Resueltos\Ejercicios_Resueltos.csproj", "{AC1E756D-C3D5-472A-B3D2-DE5C513555CC}"
EndProject
Global
	GlobalSection(SolutionConfigurationPlatforms) = preSolution
		Debug|Any CPU = Debug|Any CPU
		Release|Any CPU = Release|Any CPU
	EndGlobalSection
	GlobalSection(ProjectConfigurationPlatforms) = postSolution
		{AC1E756D-C3D5-472A-B3D2-DE5C513555CC}.Debug|Any CPU.ActiveCfg = Debug|Any CPU
		{AC1E756D-C3D5-472A-B3D2-DE5C513555CC}.Debug|Any CPU.Build.0 = Debug|Any CPU
		{AC1E756D-C3D5-472A-B3D2-DE5C513555CC}.Release|Any CPU.ActiveCfg = Release|Any CPU
		{AC1E756D-C3D5-472A-B3D2-DE5C513555CC}.Release|Any CPU.Build.0 = Release|Any CPU
	EndGlobalSection
	GlobalSection(SolutionProperties) = preSolution
		HideSolutionNode = FALSE
	EndGlobalSection
	GlobalSection(ExtensibilityGlobals) = postSolution
		SolutionGuid = {E58E3100-950E-4CC0-ABCB-11684CF31598}
	EndGlobalSection
EndGlobal
